// !$*UTF8*$!
{
	archiveVersion = 1;
	classes = {
	};
	objectVersion = 56;
	objects = {

/* Begin PBXBuildFile section */
		042FA4702B872F0D00902074 /* CoreLocationExampleApp.swift in Sources */ = {isa = PBXBuildFile; fileRef = 042FA46F2B872F0D00902074 /* CoreLocationExampleApp.swift */; };
		042FA4722B872F0D00902074 /* ContentView.swift in Sources */ = {isa = PBXBuildFile; fileRef = 042FA4712B872F0D00902074 /* ContentView.swift */; };
		042FA4742B872F0F00902074 /* Assets.xcassets in Resources */ = {isa = PBXBuildFile; fileRef = 042FA4732B872F0F00902074 /* Assets.xcassets */; };
		042FA4772B872F0F00902074 /* Preview Assets.xcassets in Resources */ = {isa = PBXBuildFile; fileRef = 042FA4762B872F0F00902074 /* Preview Assets.xcassets */; };
		042FA49B2B872F8B00902074 /* ColorHexadecimal.swift in Sources */ = {isa = PBXBuildFile; fileRef = 042FA49A2B872F8B00902074 /* ColorHexadecimal.swift */; };
		042FA4A02B8735AA00902074 /* title.png in Resources */ = {isa = PBXBuildFile; fileRef = 042FA49E2B8735AA00902074 /* title.png */; };
		042FA4A12B8735AA00902074 /* img_bck.png in Resources */ = {isa = PBXBuildFile; fileRef = 042FA49F2B8735AA00902074 /* img_bck.png */; };
		042FA4A42B873A8B00902074 /* DetailLocation.swift in Sources */ = {isa = PBXBuildFile; fileRef = 042FA4A32B873A8B00902074 /* DetailLocation.swift */; };
		042FA4A72B873C3000902074 /* LocationManager.swift in Sources */ = {isa = PBXBuildFile; fileRef = 042FA4A62B873C3000902074 /* LocationManager.swift */; };
		042FA4A92B87407900902074 /* LocationInfo.swift in Sources */ = {isa = PBXBuildFile; fileRef = 042FA4A82B87407900902074 /* LocationInfo.swift */; };
/* End PBXBuildFile section */

/* Begin PBXFileReference section */
		042FA46C2B872F0D00902074 /* CoreLocationExample.app */ = {isa = PBXFileReference; explicitFileType = wrapper.application; includeInIndex = 0; path = CoreLocationExample.app; sourceTree = BUILT_PRODUCTS_DIR; };
		042FA46F2B872F0D00902074 /* CoreLocationExampleApp.swift */ = {isa = PBXFileReference; lastKnownFileType = sourcecode.swift; path = CoreLocationExampleApp.swift; sourceTree = "<group>"; };
		042FA4712B872F0D00902074 /* ContentView.swift */ = {isa = PBXFileReference; lastKnownFileType = sourcecode.swift; path = ContentView.swift; sourceTree = "<group>"; };
		042FA4732B872F0F00902074 /* Assets.xcassets */ = {isa = PBXFileReference; lastKnownFileType = folder.assetcatalog; path = Assets.xcassets; sourceTree = "<group>"; };
		042FA4762B872F0F00902074 /* Preview Assets.xcassets */ = {isa = PBXFileReference; lastKnownFileType = folder.assetcatalog; path = "Preview Assets.xcassets"; sourceTree = "<group>"; };
		042FA49A2B872F8B00902074 /* ColorHexadecimal.swift */ = {isa = PBXFileReference; fileEncoding = 4; lastKnownFileType = sourcecode.swift; path = ColorHexadecimal.swift; sourceTree = "<group>"; };
		042FA49E2B8735AA00902074 /* title.png */ = {isa = PBXFileReference; lastKnownFileType = image.png; path = title.png; sourceTree = "<group>"; };
		042FA49F2B8735AA00902074 /* img_bck.png */ = {isa = PBXFileReference; lastKnownFileType = image.png; path = img_bck.png; sourceTree = "<group>"; };
		042FA4A32B873A8B00902074 /* DetailLocation.swift */ = {isa = PBXFileReference; lastKnownFileType = sourcecode.swift; path = DetailLocation.swift; sourceTree = "<group>"; };
		042FA4A62B873C3000902074 /* LocationManager.swift */ = {isa = PBXFileReference; lastKnownFileType = sourcecode.swift; path = LocationManager.swift; sourceTree = "<group>"; };
		042FA4A82B87407900902074 /* LocationInfo.swift */ = {isa = PBXFileReference; lastKnownFileType = sourcecode.swift; path = LocationInfo.swift; sourceTree = "<group>"; };
		042FA4AB2B87465900902074 /* Info.plist */ = {isa = PBXFileReference; lastKnownFileType = text.plist; path = Info.plist; sourceTree = "<group>"; };
/* End PBXFileReference section */

/* Begin PBXFrameworksBuildPhase section */
		042FA4692B872F0D00902074 /* Frameworks */ = {
			isa = PBXFrameworksBuildPhase;
			buildActionMask = 2147483647;
			files = (
			);
			runOnlyForDeploymentPostprocessing = 0;
		};
/* End PBXFrameworksBuildPhase section */

/* Begin PBXGroup section */
		042FA4632B872F0D00902074 = {
			isa = PBXGroup;
			children = (
				042FA46E2B872F0D00902074 /* CoreLocationExample */,
				042FA46D2B872F0D00902074 /* Products */,
			);
			sourceTree = "<group>";
		};
		042FA46D2B872F0D00902074 /* Products */ = {
			isa = PBXGroup;
			children = (
				042FA46C2B872F0D00902074 /* CoreLocationExample.app */,
			);
			name = Products;
			sourceTree = "<group>";
		};
		042FA46E2B872F0D00902074 /* CoreLocationExample */ = {
			isa = PBXGroup;
			children = (
				042FA4AB2B87465900902074 /* Info.plist */,
				042FA4A52B873BAA00902074 /* Classes */,
				042FA4A22B873A4300902074 /* Component */,
				042FA49C2B8735AA00902074 /* Res */,
				042FA4992B872F8B00902074 /* Library */,
				042FA46F2B872F0D00902074 /* CoreLocationExampleApp.swift */,
				042FA4712B872F0D00902074 /* ContentView.swift */,
				042FA4732B872F0F00902074 /* Assets.xcassets */,
				042FA4752B872F0F00902074 /* Preview Content */,
			);
			path = CoreLocationExample;
			sourceTree = "<group>";
		};
		042FA4752B872F0F00902074 /* Preview Content */ = {
			isa = PBXGroup;
			children = (
				042FA4762B872F0F00902074 /* Preview Assets.xcassets */,
			);
			path = "Preview Content";
			sourceTree = "<group>";
		};
		042FA4992B872F8B00902074 /* Library */ = {
			isa = PBXGroup;
			children = (
				042FA49A2B872F8B00902074 /* ColorHexadecimal.swift */,
			);
			path = Library;
			sourceTree = "<group>";
		};
		042FA49C2B8735AA00902074 /* Res */ = {
			isa = PBXGroup;
			children = (
				042FA49D2B8735AA00902074 /* img */,
			);
			path = Res;
			sourceTree = "<group>";
		};
		042FA49D2B8735AA00902074 /* img */ = {
			isa = PBXGroup;
			children = (
				042FA49E2B8735AA00902074 /* title.png */,
				042FA49F2B8735AA00902074 /* img_bck.png */,
			);
			path = img;
			sourceTree = "<group>";
		};
		042FA4A22B873A4300902074 /* Component */ = {
			isa = PBXGroup;
			children = (
				042FA4A32B873A8B00902074 /* DetailLocation.swift */,
			);
			path = Component;
			sourceTree = "<group>";
		};
		042FA4A52B873BAA00902074 /* Classes */ = {
			isa = PBXGroup;
			children = (
				042FA4A62B873C3000902074 /* LocationManager.swift */,
				042FA4A82B87407900902074 /* LocationInfo.swift */,
			);
			path = Classes;
			sourceTree = "<group>";
		};
/* End PBXGroup section */

/* Begin PBXNativeTarget section */
		042FA46B2B872F0D00902074 /* CoreLocationExample */ = {
			isa = PBXNativeTarget;
			buildConfigurationList = 042FA4902B872F0F00902074 /* Build configuration list for PBXNativeTarget "CoreLocationExample" */;
			buildPhases = (
				042FA4682B872F0D00902074 /* Sources */,
				042FA4692B872F0D00902074 /* Frameworks */,
				042FA46A2B872F0D00902074 /* Resources */,
			);
			buildRules = (
			);
			dependencies = (
			);
			name = CoreLocationExample;
			productName = CoreLocationExample;
			productReference = 042FA46C2B872F0D00902074 /* CoreLocationExample.app */;
			productType = "com.apple.product-type.application";
		};
/* End PBXNativeTarget section */

/* Begin PBXProject section */
		042FA4642B872F0D00902074 /* Project object */ = {
			isa = PBXProject;
			attributes = {
				BuildIndependentTargetsInParallel = 1;
				LastSwiftUpdateCheck = 1420;
				LastUpgradeCheck = 1420;
				TargetAttributes = {
					042FA46B2B872F0D00902074 = {
						CreatedOnToolsVersion = 14.2;
					};
				};
			};
			buildConfigurationList = 042FA4672B872F0D00902074 /* Build configuration list for PBXProject "CoreLocationExample" */;
			compatibilityVersion = "Xcode 14.0";
			developmentRegion = en;
			hasScannedForEncodings = 0;
			knownRegions = (
				en,
				Base,
			);
			mainGroup = 042FA4632B872F0D00902074;
			productRefGroup = 042FA46D2B872F0D00902074 /* Products */;
			projectDirPath = "";
			projectRoot = "";
			targets = (
				042FA46B2B872F0D00902074 /* CoreLocationExample */,
			);
		};
/* End PBXProject section */

/* Begin PBXResourcesBuildPhase section */
		042FA46A2B872F0D00902074 /* Resources */ = {
			isa = PBXResourcesBuildPhase;
			buildActionMask = 2147483647;
			files = (
				042FA4772B872F0F00902074 /* Preview Assets.xcassets in Resources */,
				042FA4742B872F0F00902074 /* Assets.xcassets in Resources */,
				042FA4A12B8735AA00902074 /* img_bck.png in Resources */,
				042FA4A02B8735AA00902074 /* title.png in Resources */,
			);
			runOnlyForDeploymentPostprocessing = 0;
		};
/* End PBXResourcesBuildPhase section */

/* Begin PBXSourcesBuildPhase section */
		042FA4682B872F0D00902074 /* Sources */ = {
			isa = PBXSourcesBuildPhase;
			buildActionMask = 2147483647;
			files = (
				042FA4A92B87407900902074 /* LocationInfo.swift in Sources */,
				042FA4722B872F0D00902074 /* ContentView.swift in Sources */,
				042FA49B2B872F8B00902074 /* ColorHexadecimal.swift in Sources */,
				042FA4A72B873C3000902074 /* LocationManager.swift in Sources */,
				042FA4702B872F0D00902074 /* CoreLocationExampleApp.swift in Sources */,
				042FA4A42B873A8B00902074 /* DetailLocation.swift in Sources */,
			);
			runOnlyForDeploymentPostprocessing = 0;
		};
/* End PBXSourcesBuildPhase section */

/* Begin XCBuildConfiguration section */
		042FA48E2B872F0F00902074 /* Debug */ = {
			isa = XCBuildConfiguration;
			buildSettings = {
				ALWAYS_SEARCH_USER_PATHS = NO;
				CLANG_ANALYZER_NONNULL = YES;
				CLANG_ANALYZER_NUMBER_OBJECT_CONVERSION = YES_AGGRESSIVE;
				CLANG_CXX_LANGUAGE_STANDARD = "gnu++20";
				CLANG_ENABLE_MODULES = YES;
				CLANG_ENABLE_OBJC_ARC = YES;
				CLANG_ENABLE_OBJC_WEAK = YES;
				CLANG_WARN_BLOCK_CAPTURE_AUTORELEASING = YES;
				CLANG_WARN_BOOL_CONVERSION = YES;
				CLANG_WARN_COMMA = YES;
				CLANG_WARN_CONSTANT_CONVERSION = YES;
				CLANG_WARN_DEPRECATED_OBJC_IMPLEMENTATIONS = YES;
				CLANG_WARN_DIRECT_OBJC_ISA_USAGE = YES_ERROR;
				CLANG_WARN_DOCUMENTATION_COMMENTS = YES;
				CLANG_WARN_EMPTY_BODY = YES;
				CLANG_WARN_ENUM_CONVERSION = YES;
				CLANG_WARN_INFINITE_RECURSION = YES;
				CLANG_WARN_INT_CONVERSION = YES;
				CLANG_WARN_NON_LITERAL_NULL_CONVERSION = YES;
				CLANG_WARN_OBJC_IMPLICIT_RETAIN_SELF = YES;
				CLANG_WARN_OBJC_LITERAL_CONVERSION = YES;
				CLANG_WARN_OBJC_ROOT_CLASS = YES_ERROR;
				CLANG_WARN_QUOTED_INCLUDE_IN_FRAMEWORK_HEADER = YES;
				CLANG_WARN_RANGE_LOOP_ANALYSIS = YES;
				CLANG_WARN_STRICT_PROTOTYPES = YES;
				CLANG_WARN_SUSPICIOUS_MOVE = YES;
				CLANG_WARN_UNGUARDED_AVAILABILITY = YES_AGGRESSIVE;
				CLANG_WARN_UNREACHABLE_CODE = YES;
				CLANG_WARN__DUPLICATE_METHOD_MATCH = YES;
				COPY_PHASE_STRIP = NO;
				DEBUG_INFORMATION_FORMAT = dwarf;
				ENABLE_STRICT_OBJC_MSGSEND = YES;
				ENABLE_TESTABILITY = YES;
				GCC_C_LANGUAGE_STANDARD = gnu11;
				GCC_DYNAMIC_NO_PIC = NO;
				GCC_NO_COMMON_BLOCKS = YES;
				GCC_OPTIMIZATION_LEVEL = 0;
				GCC_PREPROCESSOR_DEFINITIONS = (
					"DEBUG=1",
					"$(inherited)",
				);
				GCC_WARN_64_TO_32_BIT_CONVERSION = YES;
				GCC_WARN_ABOUT_RETURN_TYPE = YES_ERROR;
				GCC_WARN_UNDECLARED_SELECTOR = YES;
				GCC_WARN_UNINITIALIZED_AUTOS = YES_AGGRESSIVE;
				GCC_WARN_UNUSED_FUNCTION = YES;
				GCC_WARN_UNUSED_VARIABLE = YES;
				IPHONEOS_DEPLOYMENT_TARGET = 16.2;
				MTL_ENABLE_DEBUG_INFO = INCLUDE_SOURCE;
				MTL_FAST_MATH = YES;
				ONLY_ACTIVE_ARCH = YES;
				SDKROOT = iphoneos;
				SWIFT_ACTIVE_COMPILATION_CONDITIONS = DEBUG;
				SWIFT_OPTIMIZATION_LEVEL = "-Onone";
			};
			name = Debug;
		};
		042FA48F2B872F0F00902074 /* Release */ = {
			isa = XCBuildConfiguration;
			buildSettings = {
				ALWAYS_SEARCH_USER_PATHS = NO;
				CLANG_ANALYZER_NONNULL = YES;
				CLANG_ANALYZER_NUMBER_OBJECT_CONVERSION = YES_AGGRESSIVE;
				CLANG_CXX_LANGUAGE_STANDARD = "gnu++20";
				CLANG_ENABLE_MODULES = YES;
				CLANG_ENABLE_OBJC_ARC = YES;
				CLANG_ENABLE_OBJC_WEAK = YES;
				CLANG_WARN_BLOCK_CAPTURE_AUTORELEASING = YES;
				CLANG_WARN_BOOL_CONVERSION = YES;
				CLANG_WARN_COMMA = YES;
				CLANG_WARN_CONSTANT_CONVERSION = YES;
				CLANG_WARN_DEPRECATED_OBJC_IMPLEMENTATIONS = YES;
				CLANG_WARN_DIRECT_OBJC_ISA_USAGE = YES_ERROR;
				CLANG_WARN_DOCUMENTATION_COMMENTS = YES;
				CLANG_WARN_EMPTY_BODY = YES;
				CLANG_WARN_ENUM_CONVERSION = YES;
				CLANG_WARN_INFINITE_RECURSION = YES;
				CLANG_WARN_INT_CONVERSION = YES;
				CLANG_WARN_NON_LITERAL_NULL_CONVERSION = YES;
				CLANG_WARN_OBJC_IMPLICIT_RETAIN_SELF = YES;
				CLANG_WARN_OBJC_LITERAL_CONVERSION = YES;
				CLANG_WARN_OBJC_ROOT_CLASS = YES_ERROR;
				CLANG_WARN_QUOTED_INCLUDE_IN_FRAMEWORK_HEADER = YES;
				CLANG_WARN_RANGE_LOOP_ANALYSIS = YES;
				CLANG_WARN_STRICT_PROTOTYPES = YES;
				CLANG_WARN_SUSPICIOUS_MOVE = YES;
				CLANG_WARN_UNGUARDED_AVAILABILITY = YES_AGGRESSIVE;
				CLANG_WARN_UNREACHABLE_CODE = YES;
				CLANG_WARN__DUPLICATE_METHOD_MATCH = YES;
				COPY_PHASE_STRIP = NO;
				DEBUG_INFORMATION_FORMAT = "dwarf-with-dsym";
				ENABLE_NS_ASSERTIONS = NO;
				ENABLE_STRICT_OBJC_MSGSEND = YES;
				GCC_C_LANGUAGE_STANDARD = gnu11;
				GCC_NO_COMMON_BLOCKS = YES;
				GCC_WARN_64_TO_32_BIT_CONVERSION = YES;
				GCC_WARN_ABOUT_RETURN_TYPE = YES_ERROR;
				GCC_WARN_UNDECLARED_SELECTOR = YES;
				GCC_WARN_UNINITIALIZED_AUTOS = YES_AGGRESSIVE;
				GCC_WARN_UNUSED_FUNCTION = YES;
				GCC_WARN_UNUSED_VARIABLE = YES;
				IPHONEOS_DEPLOYMENT_TARGET = 16.2;
				MTL_ENABLE_DEBUG_INFO = NO;
				MTL_FAST_MATH = YES;
				SDKROOT = iphoneos;
				SWIFT_COMPILATION_MODE = wholemodule;
				SWIFT_OPTIMIZATION_LEVEL = "-O";
				VALIDATE_PRODUCT = YES;
			};
			name = Release;
		};
		042FA4912B872F0F00902074 /* Debug */ = {
			isa = XCBuildConfiguration;
			buildSettings = {
				ASSETCATALOG_COMPILER_APPICON_NAME = AppIcon;
				ASSETCATALOG_COMPILER_GLOBAL_ACCENT_COLOR_NAME = AccentColor;
				CODE_SIGN_STYLE = Automatic;
				CURRENT_PROJECT_VERSION = 1;
				DEVELOPMENT_ASSET_PATHS = "\"CoreLocationExample/Preview Content\"";
				DEVELOPMENT_TEAM = SWJ786GH2G;
				ENABLE_PREVIEWS = YES;
				GENERATE_INFOPLIST_FILE = YES;
				INFOPLIST_FILE = CoreLocationExample/Info.plist;
				INFOPLIST_KEY_CFBundleDisplayName = "";
				INFOPLIST_KEY_LSApplicationCategoryType = "";
				INFOPLIST_KEY_NSLocationAlwaysAndWhenInUseUsageDescription = "App youneed acces";
				INFOPLIST_KEY_NSLocationAlwaysUsageDescription = "App youneed acces";
				INFOPLIST_KEY_NSLocationWhenInUseUsageDescription = "If you want to send your location to you, click on 'Allow Once' or 'Allow While Using App'.";
				INFOPLIST_KEY_UIApplicationSceneManifest_Generation = YES;
				INFOPLIST_KEY_UIApplicationSupportsIndirectInputEvents = YES;
				INFOPLIST_KEY_UILaunchScreen_Generation = YES;
				INFOPLIST_KEY_UISupportedInterfaceOrientations_iPad = "UIInterfaceOrientationPortrait UIInterfaceOrientationPortraitUpsideDown UIInterfaceOrientationLandscapeLeft UIInterfaceOrientationLandscapeRight";
				INFOPLIST_KEY_UISupportedInterfaceOrientations_iPhone = "UIInterfaceOrientationPortrait UIInterfaceOrientationLandscapeLeft UIInterfaceOrientationLandscapeRight";
				LD_RUNPATH_SEARCH_PATHS = (
					"$(inherited)",
					"@executable_path/Frameworks",
				);
				MARKETING_VERSION = 1.0;
				PRODUCT_BUNDLE_IDENTIFIER = Mourad.KIRAT.CoreLocationExample;
				PRODUCT_NAME = "$(TARGET_NAME)";
				SWIFT_EMIT_LOC_STRINGS = YES;
				SWIFT_VERSION = 5.0;
				TARGETED_DEVICE_FAMILY = "1,2";
			};
			name = Debug;
		};
		042FA4922B872F0F00902074 /* Release */ = {
			isa = XCBuildConfiguration;
			buildSettings = {
				ASSETCATALOG_COMPILER_APPICON_NAME = AppIcon;
				ASSETCATALOG_COMPILER_GLOBAL_ACCENT_COLOR_NAME = AccentColor;
				CODE_SIGN_STYLE = Automatic;
				CURRENT_PROJECT_VERSION = 1;
				DEVELOPMENT_ASSET_PATHS = "\"CoreLocationExample/Preview Content\"";
				DEVELOPMENT_TEAM = SWJ786GH2G;
				ENABLE_PREVIEWS = YES;
				GENERATE_INFOPLIST_FILE = YES;
				INFOPLIST_FILE = CoreLocationExample/Info.plist;
				INFOPLIST_KEY_CFBundleDisplayName = "";
				INFOPLIST_KEY_LSApplicationCategoryType = "";
				INFOPLIST_KEY_NSLocationAlwaysAndWhenInUseUsageDescription = "App youneed acces";
				INFOPLIST_KEY_NSLocationAlwaysUsageDescription = "App youneed acces";
				INFOPLIST_KEY_NSLocationWhenInUseUsageDescription = "If you want to send your location to you, click on 'Allow Once' or 'Allow While Using App'.";
				INFOPLIST_KEY_UIApplicationSceneManifest_Generation = YES;
				INFOPLIST_KEY_UIApplicationSupportsIndirectInputEvents = YES;
				INFOPLIST_KEY_UILaunchScreen_Generation = YES;
				INFOPLIST_KEY_UISupportedInterfaceOrientations_iPad = "UIInterfaceOrientationPortrait UIInterfaceOrientationPortraitUpsideDown UIInterfaceOrientationLandscapeLeft UIInterfaceOrientationLandscapeRight";
				INFOPLIST_KEY_UISupportedInterfaceOrientations_iPhone = "UIInterfaceOrientationPortrait UIInterfaceOrientationLandscapeLeft UIInterfaceOrientationLandscapeRight";
				LD_RUNPATH_SEARCH_PATHS = (
					"$(inherited)",
					"@executable_path/Frameworks",
				);
				MARKETING_VERSION = 1.0;
				PRODUCT_BUNDLE_IDENTIFIER = Mourad.KIRAT.CoreLocationExample;
				PRODUCT_NAME = "$(TARGET_NAME)";
				SWIFT_EMIT_LOC_STRINGS = YES;
				SWIFT_VERSION = 5.0;
				TARGETED_DEVICE_FAMILY = "1,2";
			};
			name = Release;
		};
/* End XCBuildConfiguration section */

/* Begin XCConfigurationList section */
		042FA4672B872F0D00902074 /* Build configuration list for PBXProject "CoreLocationExample" */ = {
			isa = XCConfigurationList;
			buildConfigurations = (
				042FA48E2B872F0F00902074 /* Debug */,
				042FA48F2B872F0F00902074 /* Release */,
			);
			defaultConfigurationIsVisible = 0;
			defaultConfigurationName = Release;
		};
		042FA4902B872F0F00902074 /* Build configuration list for PBXNativeTarget "CoreLocationExample" */ = {
			isa = XCConfigurationList;
			buildConfigurations = (
				042FA4912B872F0F00902074 /* Debug */,
				042FA4922B872F0F00902074 /* Release */,
			);
			defaultConfigurationIsVisible = 0;
			defaultConfigurationName = Release;
		};
/* End XCConfigurationList section */
	};
	rootObject = 042FA4642B872F0D00902074 /* Project object */;
}
